
Microsoft Visual Studio Solution File, Format Version 12.00
# Visual Studio 15
VisualStudioVersion = 15.0.28307.705
MinimumVisualStudioVersion = 10.0.40219.1
Project("{FAE04EC0-301F-11D3-BF4B-00C04F79EFBC}") = "HelloWorld01", "HelloWorld01\HelloWorld01.csproj", "{7FDDAD87-9FA9-4116-8B1E-179C660D2789}"
EndProject
Project("{FAE04EC0-301F-11D3-BF4B-00C04F79EFBC}") = "HelloWorld02", "HelloWorld02\HelloWorld02.csproj", "{E8EFC625-E309-443A-B270-DA16CD49F294}"
EndProject
Global
	GlobalSection(SolutionConfigurationPlatforms) = preSolution
		Debug|Any CPU = Debug|Any CPU
		Release|Any CPU = Release|Any CPU
	EndGlobalSection
	GlobalSection(ProjectConfigurationPlatforms) = postSolution
		{7FDDAD87-9FA9-4116-8B1E-179C660D2789}.Debug|Any CPU.ActiveCfg = Debug|Any CPU
		{7FDDAD87-9FA9-4116-8B1E-179C660D2789}.Debug|Any CPU.Build.0 = Debug|Any CPU
		{7FDDAD87-9FA9-4116-8B1E-179C660D2789}.Release|Any CPU.ActiveCfg = Release|Any CPU
		{7FDDAD87-9FA9-4116-8B1E-179C660D2789}.Release|Any CPU.Build.0 = Release|Any CPU
		{E8EFC625-E309-443A-B270-DA16CD49F294}.Debug|Any CPU.ActiveCfg = Debug|Any CPU
		{E8EFC625-E309-443A-B270-DA16CD49F294}.Debug|Any CPU.Build.0 = Debug|Any CPU
		{E8EFC625-E309-443A-B270-DA16CD49F294}.Release|Any CPU.ActiveCfg = Release|Any CPU
		{E8EFC625-E309-443A-B270-DA16CD49F294}.Release|Any CPU.Build.0 = Release|Any CPU
	EndGlobalSection
	GlobalSection(SolutionProperties) = preSolution
		HideSolutionNode = FALSE
	EndGlobalSection
	GlobalSection(ExtensibilityGlobals) = postSolution
		SolutionGuid = {AAC0DB8E-6A98-4321-BC94-EB265AF1CE69}
	EndGlobalSection
EndGlobal
