
Microsoft Visual Studio Solution File, Format Version 12.00
# Visual Studio 15
VisualStudioVersion = 15.0.28307.705
MinimumVisualStudioVersion = 10.0.40219.1
Project("{FAE04EC0-301F-11D3-BF4B-00C04F79EFBC}") = "Lambda01", "Lambda01\Lambda01.csproj", "{B750615F-3FFD-4289-BC7E-C3758C93FF6B}"
EndProject
Project("{FAE04EC0-301F-11D3-BF4B-00C04F79EFBC}") = "Lambda02_FuncAction", "Lambda02_FuncAction\Lambda02_FuncAction.csproj", "{21AE420A-1261-4E41-BA39-F71E5A44A771}"
EndProject
Project("{FAE04EC0-301F-11D3-BF4B-00C04F79EFBC}") = "Lambda03_ExpressionMember", "Lambda03_ExpressionMember\Lambda03_ExpressionMember.csproj", "{116C4866-9016-4E11-A5BD-C3B4C135B1B7}"
EndProject
Global
	GlobalSection(SolutionConfigurationPlatforms) = preSolution
		Debug|Any CPU = Debug|Any CPU
		Release|Any CPU = Release|Any CPU
	EndGlobalSection
	GlobalSection(ProjectConfigurationPlatforms) = postSolution
		{B750615F-3FFD-4289-BC7E-C3758C93FF6B}.Debug|Any CPU.ActiveCfg = Debug|Any CPU
		{B750615F-3FFD-4289-BC7E-C3758C93FF6B}.Debug|Any CPU.Build.0 = Debug|Any CPU
		{B750615F-3FFD-4289-BC7E-C3758C93FF6B}.Release|Any CPU.ActiveCfg = Release|Any CPU
		{B750615F-3FFD-4289-BC7E-C3758C93FF6B}.Release|Any CPU.Build.0 = Release|Any CPU
		{21AE420A-1261-4E41-BA39-F71E5A44A771}.Debug|Any CPU.ActiveCfg = Debug|Any CPU
		{21AE420A-1261-4E41-BA39-F71E5A44A771}.Debug|Any CPU.Build.0 = Debug|Any CPU
		{21AE420A-1261-4E41-BA39-F71E5A44A771}.Release|Any CPU.ActiveCfg = Release|Any CPU
		{21AE420A-1261-4E41-BA39-F71E5A44A771}.Release|Any CPU.Build.0 = Release|Any CPU
		{116C4866-9016-4E11-A5BD-C3B4C135B1B7}.Debug|Any CPU.ActiveCfg = Debug|Any CPU
		{116C4866-9016-4E11-A5BD-C3B4C135B1B7}.Debug|Any CPU.Build.0 = Debug|Any CPU
		{116C4866-9016-4E11-A5BD-C3B4C135B1B7}.Release|Any CPU.ActiveCfg = Release|Any CPU
		{116C4866-9016-4E11-A5BD-C3B4C135B1B7}.Release|Any CPU.Build.0 = Release|Any CPU
	EndGlobalSection
	GlobalSection(SolutionProperties) = preSolution
		HideSolutionNode = FALSE
	EndGlobalSection
	GlobalSection(ExtensibilityGlobals) = postSolution
		SolutionGuid = {20039A06-95BE-4205-8332-B677215E95FB}
	EndGlobalSection
EndGlobal
