
Microsoft Visual Studio Solution File, Format Version 12.00
# Visual Studio 15
VisualStudioVersion = 15.0.28307.705
MinimumVisualStudioVersion = 10.0.40219.1
Project("{FAE04EC0-301F-11D3-BF4B-00C04F79EFBC}") = "Delegate01", "Delegate01\Delegate01.csproj", "{860025D7-6B94-4E6F-868B-B64AA65A2AFC}"
EndProject
Project("{FAE04EC0-301F-11D3-BF4B-00C04F79EFBC}") = "Delegate02", "Delegate02\Delegate02.csproj", "{B34E22DD-821D-47E6-B299-4C42C1870B38}"
EndProject
Project("{FAE04EC0-301F-11D3-BF4B-00C04F79EFBC}") = "Delegate03_BubbleSort", "Delegate03_BubbleSort\Delegate03_BubbleSort.csproj", "{8258F505-4BBA-4AF6-9A4A-123A528E349D}"
EndProject
Project("{FAE04EC0-301F-11D3-BF4B-00C04F79EFBC}") = "Delegate04_Generic", "Delegate04_Generic\Delegate04_Generic.csproj", "{499907F5-4402-4551-90A0-E66D02C4B400}"
EndProject
Project("{FAE04EC0-301F-11D3-BF4B-00C04F79EFBC}") = "Delegate05_Chain", "Delegate05_Chain\Delegate05_Chain.csproj", "{44804042-61F9-4911-BAF6-6C0D82D84872}"
EndProject
Project("{FAE04EC0-301F-11D3-BF4B-00C04F79EFBC}") = "Delegate06_Chain", "Delegate06_Chain\Delegate06_Chain.csproj", "{AE3F46CB-48AC-4B2F-8442-2DD5BB9492FF}"
EndProject
Project("{FAE04EC0-301F-11D3-BF4B-00C04F79EFBC}") = "Delegate07_AnonymousMethod", "Delegate07_AnonymousMethod\Delegate07_AnonymousMethod.csproj", "{0BE063A1-FFCE-4403-A0BF-F67FB4BE6F0B}"
EndProject
Project("{FAE04EC0-301F-11D3-BF4B-00C04F79EFBC}") = "Delegate08_AnonymousMethod", "Delegate08_AnonymousMethod\Delegate08_AnonymousMethod.csproj", "{A05B4BCB-EA05-4342-B154-02AC8275ABD0}"
EndProject
Project("{FAE04EC0-301F-11D3-BF4B-00C04F79EFBC}") = "Event01", "Event01\Event01.csproj", "{68C7DFD1-862F-4A6B-8CA0-CAD8A19C9B26}"
EndProject
Project("{FAE04EC0-301F-11D3-BF4B-00C04F79EFBC}") = "Event02_Delegate", "Event02_Delegate\Event02_Delegate.csproj", "{8E6971D3-95ED-47A7-A75E-0D2FC8C93895}"
EndProject
Project("{FAE04EC0-301F-11D3-BF4B-00C04F79EFBC}") = "Event03_event", "Event03_event\Event03_event.csproj", "{FC03C06C-7D33-4D04-A662-395D28500267}"
EndProject
Project("{FAE04EC0-301F-11D3-BF4B-00C04F79EFBC}") = "WindowsFormsApp1", "WindowsFormsApp1\WindowsFormsApp1.csproj", "{0B9A0CDD-6D47-4F1C-9849-D4FAC13026C2}"
EndProject
Global
	GlobalSection(SolutionConfigurationPlatforms) = preSolution
		Debug|Any CPU = Debug|Any CPU
		Release|Any CPU = Release|Any CPU
	EndGlobalSection
	GlobalSection(ProjectConfigurationPlatforms) = postSolution
		{860025D7-6B94-4E6F-868B-B64AA65A2AFC}.Debug|Any CPU.ActiveCfg = Debug|Any CPU
		{860025D7-6B94-4E6F-868B-B64AA65A2AFC}.Debug|Any CPU.Build.0 = Debug|Any CPU
		{860025D7-6B94-4E6F-868B-B64AA65A2AFC}.Release|Any CPU.ActiveCfg = Release|Any CPU
		{860025D7-6B94-4E6F-868B-B64AA65A2AFC}.Release|Any CPU.Build.0 = Release|Any CPU
		{B34E22DD-821D-47E6-B299-4C42C1870B38}.Debug|Any CPU.ActiveCfg = Debug|Any CPU
		{B34E22DD-821D-47E6-B299-4C42C1870B38}.Debug|Any CPU.Build.0 = Debug|Any CPU
		{B34E22DD-821D-47E6-B299-4C42C1870B38}.Release|Any CPU.ActiveCfg = Release|Any CPU
		{B34E22DD-821D-47E6-B299-4C42C1870B38}.Release|Any CPU.Build.0 = Release|Any CPU
		{8258F505-4BBA-4AF6-9A4A-123A528E349D}.Debug|Any CPU.ActiveCfg = Debug|Any CPU
		{8258F505-4BBA-4AF6-9A4A-123A528E349D}.Debug|Any CPU.Build.0 = Debug|Any CPU
		{8258F505-4BBA-4AF6-9A4A-123A528E349D}.Release|Any CPU.ActiveCfg = Release|Any CPU
		{8258F505-4BBA-4AF6-9A4A-123A528E349D}.Release|Any CPU.Build.0 = Release|Any CPU
		{499907F5-4402-4551-90A0-E66D02C4B400}.Debug|Any CPU.ActiveCfg = Debug|Any CPU
		{499907F5-4402-4551-90A0-E66D02C4B400}.Debug|Any CPU.Build.0 = Debug|Any CPU
		{499907F5-4402-4551-90A0-E66D02C4B400}.Release|Any CPU.ActiveCfg = Release|Any CPU
		{499907F5-4402-4551-90A0-E66D02C4B400}.Release|Any CPU.Build.0 = Release|Any CPU
		{44804042-61F9-4911-BAF6-6C0D82D84872}.Debug|Any CPU.ActiveCfg = Debug|Any CPU
		{44804042-61F9-4911-BAF6-6C0D82D84872}.Debug|Any CPU.Build.0 = Debug|Any CPU
		{44804042-61F9-4911-BAF6-6C0D82D84872}.Release|Any CPU.ActiveCfg = Release|Any CPU
		{44804042-61F9-4911-BAF6-6C0D82D84872}.Release|Any CPU.Build.0 = Release|Any CPU
		{AE3F46CB-48AC-4B2F-8442-2DD5BB9492FF}.Debug|Any CPU.ActiveCfg = Debug|Any CPU
		{AE3F46CB-48AC-4B2F-8442-2DD5BB9492FF}.Debug|Any CPU.Build.0 = Debug|Any CPU
		{AE3F46CB-48AC-4B2F-8442-2DD5BB9492FF}.Release|Any CPU.ActiveCfg = Release|Any CPU
		{AE3F46CB-48AC-4B2F-8442-2DD5BB9492FF}.Release|Any CPU.Build.0 = Release|Any CPU
		{0BE063A1-FFCE-4403-A0BF-F67FB4BE6F0B}.Debug|Any CPU.ActiveCfg = Debug|Any CPU
		{0BE063A1-FFCE-4403-A0BF-F67FB4BE6F0B}.Debug|Any CPU.Build.0 = Debug|Any CPU
		{0BE063A1-FFCE-4403-A0BF-F67FB4BE6F0B}.Release|Any CPU.ActiveCfg = Release|Any CPU
		{0BE063A1-FFCE-4403-A0BF-F67FB4BE6F0B}.Release|Any CPU.Build.0 = Release|Any CPU
		{A05B4BCB-EA05-4342-B154-02AC8275ABD0}.Debug|Any CPU.ActiveCfg = Debug|Any CPU
		{A05B4BCB-EA05-4342-B154-02AC8275ABD0}.Debug|Any CPU.Build.0 = Debug|Any CPU
		{A05B4BCB-EA05-4342-B154-02AC8275ABD0}.Release|Any CPU.ActiveCfg = Release|Any CPU
		{A05B4BCB-EA05-4342-B154-02AC8275ABD0}.Release|Any CPU.Build.0 = Release|Any CPU
		{68C7DFD1-862F-4A6B-8CA0-CAD8A19C9B26}.Debug|Any CPU.ActiveCfg = Debug|Any CPU
		{68C7DFD1-862F-4A6B-8CA0-CAD8A19C9B26}.Debug|Any CPU.Build.0 = Debug|Any CPU
		{68C7DFD1-862F-4A6B-8CA0-CAD8A19C9B26}.Release|Any CPU.ActiveCfg = Release|Any CPU
		{68C7DFD1-862F-4A6B-8CA0-CAD8A19C9B26}.Release|Any CPU.Build.0 = Release|Any CPU
		{8E6971D3-95ED-47A7-A75E-0D2FC8C93895}.Debug|Any CPU.ActiveCfg = Debug|Any CPU
		{8E6971D3-95ED-47A7-A75E-0D2FC8C93895}.Debug|Any CPU.Build.0 = Debug|Any CPU
		{8E6971D3-95ED-47A7-A75E-0D2FC8C93895}.Release|Any CPU.ActiveCfg = Release|Any CPU
		{8E6971D3-95ED-47A7-A75E-0D2FC8C93895}.Release|Any CPU.Build.0 = Release|Any CPU
		{FC03C06C-7D33-4D04-A662-395D28500267}.Debug|Any CPU.ActiveCfg = Debug|Any CPU
		{FC03C06C-7D33-4D04-A662-395D28500267}.Debug|Any CPU.Build.0 = Debug|Any CPU
		{FC03C06C-7D33-4D04-A662-395D28500267}.Release|Any CPU.ActiveCfg = Release|Any CPU
		{FC03C06C-7D33-4D04-A662-395D28500267}.Release|Any CPU.Build.0 = Release|Any CPU
		{0B9A0CDD-6D47-4F1C-9849-D4FAC13026C2}.Debug|Any CPU.ActiveCfg = Debug|Any CPU
		{0B9A0CDD-6D47-4F1C-9849-D4FAC13026C2}.Debug|Any CPU.Build.0 = Debug|Any CPU
		{0B9A0CDD-6D47-4F1C-9849-D4FAC13026C2}.Release|Any CPU.ActiveCfg = Release|Any CPU
		{0B9A0CDD-6D47-4F1C-9849-D4FAC13026C2}.Release|Any CPU.Build.0 = Release|Any CPU
	EndGlobalSection
	GlobalSection(SolutionProperties) = preSolution
		HideSolutionNode = FALSE
	EndGlobalSection
	GlobalSection(ExtensibilityGlobals) = postSolution
		SolutionGuid = {482E23DB-C44D-4573-BD2E-2635F562D11E}
	EndGlobalSection
EndGlobal
