
Microsoft Visual Studio Solution File, Format Version 12.00
# Visual Studio 15
VisualStudioVersion = 15.0.28307.705
MinimumVisualStudioVersion = 10.0.40219.1
Project("{FAE04EC0-301F-11D3-BF4B-00C04F79EFBC}") = "File01", "File01\File01.csproj", "{551C5342-F129-4C83-AA82-3C3D3485CF92}"
EndProject
Project("{FAE04EC0-301F-11D3-BF4B-00C04F79EFBC}") = "File02", "File02\File02.csproj", "{666FC898-FE49-42D3-9825-F7438A4EB5B1}"
EndProject
Project("{FAE04EC0-301F-11D3-BF4B-00C04F79EFBC}") = "File03_Serialization", "File03_Serialization\File03_Serialization.csproj", "{3E52EEA0-4E3C-4404-AB0D-BFC44674E3A8}"
EndProject
Project("{FAE04EC0-301F-11D3-BF4B-00C04F79EFBC}") = "File04_Serialization", "File04_Serialization\File04_Serialization.csproj", "{3F7B3F77-5F3C-499A-821B-62564FAD8648}"
EndProject
Global
	GlobalSection(SolutionConfigurationPlatforms) = preSolution
		Debug|Any CPU = Debug|Any CPU
		Release|Any CPU = Release|Any CPU
	EndGlobalSection
	GlobalSection(ProjectConfigurationPlatforms) = postSolution
		{551C5342-F129-4C83-AA82-3C3D3485CF92}.Debug|Any CPU.ActiveCfg = Debug|Any CPU
		{551C5342-F129-4C83-AA82-3C3D3485CF92}.Debug|Any CPU.Build.0 = Debug|Any CPU
		{551C5342-F129-4C83-AA82-3C3D3485CF92}.Release|Any CPU.ActiveCfg = Release|Any CPU
		{551C5342-F129-4C83-AA82-3C3D3485CF92}.Release|Any CPU.Build.0 = Release|Any CPU
		{666FC898-FE49-42D3-9825-F7438A4EB5B1}.Debug|Any CPU.ActiveCfg = Debug|Any CPU
		{666FC898-FE49-42D3-9825-F7438A4EB5B1}.Debug|Any CPU.Build.0 = Debug|Any CPU
		{666FC898-FE49-42D3-9825-F7438A4EB5B1}.Release|Any CPU.ActiveCfg = Release|Any CPU
		{666FC898-FE49-42D3-9825-F7438A4EB5B1}.Release|Any CPU.Build.0 = Release|Any CPU
		{3E52EEA0-4E3C-4404-AB0D-BFC44674E3A8}.Debug|Any CPU.ActiveCfg = Debug|Any CPU
		{3E52EEA0-4E3C-4404-AB0D-BFC44674E3A8}.Debug|Any CPU.Build.0 = Debug|Any CPU
		{3E52EEA0-4E3C-4404-AB0D-BFC44674E3A8}.Release|Any CPU.ActiveCfg = Release|Any CPU
		{3E52EEA0-4E3C-4404-AB0D-BFC44674E3A8}.Release|Any CPU.Build.0 = Release|Any CPU
		{3F7B3F77-5F3C-499A-821B-62564FAD8648}.Debug|Any CPU.ActiveCfg = Debug|Any CPU
		{3F7B3F77-5F3C-499A-821B-62564FAD8648}.Debug|Any CPU.Build.0 = Debug|Any CPU
		{3F7B3F77-5F3C-499A-821B-62564FAD8648}.Release|Any CPU.ActiveCfg = Release|Any CPU
		{3F7B3F77-5F3C-499A-821B-62564FAD8648}.Release|Any CPU.Build.0 = Release|Any CPU
	EndGlobalSection
	GlobalSection(SolutionProperties) = preSolution
		HideSolutionNode = FALSE
	EndGlobalSection
	GlobalSection(ExtensibilityGlobals) = postSolution
		SolutionGuid = {C194B5B1-49A0-4720-BDFF-A352AFF54A4C}
	EndGlobalSection
EndGlobal
